
Microsoft Visual Studio Solution File, Format Version 12.00
# Visual Studio Version 17
VisualStudioVersion = 17.2.32630.192
MinimumVisualStudioVersion = 10.0.40219.1
Project("{FAE04EC0-301F-11D3-BF4B-00C04F79EFBC}") = "PLCSE", "PLCSE\PLCSE.csproj", "{6F0CA6AF-6ECF-4CC0-A51A-A40A0D2BFBDB}"
EndProject
Global
	GlobalSection(SolutionConfigurationPlatforms) = preSolution
		Debug|Any CPU = Debug|Any CPU
		Release|Any CPU = Release|Any CPU
	EndGlobalSection
	GlobalSection(ProjectConfigurationPlatforms) = postSolution
		{6F0CA6AF-6ECF-4CC0-A51A-A40A0D2BFBDB}.Debug|Any CPU.ActiveCfg = Debug|Any CPU
		{6F0CA6AF-6ECF-4CC0-A51A-A40A0D2BFBDB}.Debug|Any CPU.Build.0 = Debug|Any CPU
		{6F0CA6AF-6ECF-4CC0-A51A-A40A0D2BFBDB}.Release|Any CPU.ActiveCfg = Release|Any CPU
		{6F0CA6AF-6ECF-4CC0-A51A-A40A0D2BFBDB}.Release|Any CPU.Build.0 = Release|Any CPU
	EndGlobalSection
	GlobalSection(SolutionProperties) = preSolution
		HideSolutionNode = FALSE
	EndGlobalSection
	GlobalSection(ExtensibilityGlobals) = postSolution
		SolutionGuid = {FE699D8B-4B74-449C-9B88-00073B9CF1D2}
	EndGlobalSection
EndGlobal
